// !$*UTF8*$!
{
	archiveVersion = 1;
	classes = {
	};
	objectVersion = 50;
	objects = {

/* Begin PBXBuildFile section */
		849D7CA224EE2723003CDCF4 /* A.m in Sources */ = {isa = PBXBuildFile; fileRef = 849D7CA124EE2723003CDCF4 /* A.m */; };
		849D7CA824EE2813003CDCF4 /* B.m in Sources */ = {isa = PBXBuildFile; fileRef = 849D7CA724EE2813003CDCF4 /* B.m */; };
		849D7CAB24EE283D003CDCF4 /* SubB.m in Sources */ = {isa = PBXBuildFile; fileRef = 849D7CAA24EE283D003CDCF4 /* SubB.m */; };
		849E725A24EE3E0C001B1AB5 /* A+Ext.m in Sources */ = {isa = PBXBuildFile; fileRef = 849E725924EE3E0C001B1AB5 /* A+Ext.m */; };
		84AF0B4B24ED4DB3009D9998 /* main.m in Sources */ = {isa = PBXBuildFile; fileRef = 84AF0B4A24ED4DB3009D9998 /* main.m */; };
/* End PBXBuildFile section */

/* Begin PBXCopyFilesBuildPhase section */
		84AF0B4524ED4DB3009D9998 /* CopyFiles */ = {
			isa = PBXCopyFilesBuildPhase;
			buildActionMask = 2147483647;
			dstPath = /usr/share/man/man1/;
			dstSubfolderSpec = 0;
			files = (
			);
			runOnlyForDeploymentPostprocessing = 1;
		};
/* End PBXCopyFilesBuildPhase section */

/* Begin PBXFileReference section */
		849D7CA024EE2723003CDCF4 /* A.h */ = {isa = PBXFileReference; lastKnownFileType = sourcecode.c.h; path = A.h; sourceTree = "<group>"; };
		849D7CA124EE2723003CDCF4 /* A.m */ = {isa = PBXFileReference; lastKnownFileType = sourcecode.c.objc; path = A.m; sourceTree = "<group>"; };
		849D7CA624EE2813003CDCF4 /* B.h */ = {isa = PBXFileReference; lastKnownFileType = sourcecode.c.h; path = B.h; sourceTree = "<group>"; };
		849D7CA724EE2813003CDCF4 /* B.m */ = {isa = PBXFileReference; lastKnownFileType = sourcecode.c.objc; path = B.m; sourceTree = "<group>"; };
		849D7CA924EE283D003CDCF4 /* SubB.h */ = {isa = PBXFileReference; lastKnownFileType = sourcecode.c.h; path = SubB.h; sourceTree = "<group>"; };
		849D7CAA24EE283D003CDCF4 /* SubB.m */ = {isa = PBXFileReference; lastKnownFileType = sourcecode.c.objc; path = SubB.m; sourceTree = "<group>"; };
		849E725824EE3E0C001B1AB5 /* A+Ext.h */ = {isa = PBXFileReference; lastKnownFileType = sourcecode.c.h; path = "A+Ext.h"; sourceTree = "<group>"; };
		849E725924EE3E0C001B1AB5 /* A+Ext.m */ = {isa = PBXFileReference; lastKnownFileType = sourcecode.c.objc; path = "A+Ext.m"; sourceTree = "<group>"; };
		84AF0B4724ED4DB3009D9998 /* method-swizzle-demo */ = {isa = PBXFileReference; explicitFileType = "compiled.mach-o.executable"; includeInIndex = 0; path = "method-swizzle-demo"; sourceTree = BUILT_PRODUCTS_DIR; };
		84AF0B4A24ED4DB3009D9998 /* main.m */ = {isa = PBXFileReference; lastKnownFileType = sourcecode.c.objc; path = main.m; sourceTree = "<group>"; };
/* End PBXFileReference section */

/* Begin PBXFrameworksBuildPhase section */
		84AF0B4424ED4DB3009D9998 /* Frameworks */ = {
			isa = PBXFrameworksBuildPhase;
			buildActionMask = 2147483647;
			files = (
			);
			runOnlyForDeploymentPostprocessing = 0;
		};
/* End PBXFrameworksBuildPhase section */

/* Begin PBXGroup section */
		84AF0B3E24ED4DB3009D9998 = {
			isa = PBXGroup;
			children = (
				84AF0B4924ED4DB3009D9998 /* method-swizzle-demo */,
				84AF0B4824ED4DB3009D9998 /* Products */,
			);
			sourceTree = "<group>";
		};
		84AF0B4824ED4DB3009D9998 /* Products */ = {
			isa = PBXGroup;
			children = (
				84AF0B4724ED4DB3009D9998 /* method-swizzle-demo */,
			);
			name = Products;
			sourceTree = "<group>";
		};
		84AF0B4924ED4DB3009D9998 /* method-swizzle-demo */ = {
			isa = PBXGroup;
			children = (
				84AF0B4A24ED4DB3009D9998 /* main.m */,
				849D7CA024EE2723003CDCF4 /* A.h */,
				849D7CA124EE2723003CDCF4 /* A.m */,
				849E725824EE3E0C001B1AB5 /* A+Ext.h */,
				849E725924EE3E0C001B1AB5 /* A+Ext.m */,
				849D7CA624EE2813003CDCF4 /* B.h */,
				849D7CA724EE2813003CDCF4 /* B.m */,
				849D7CA924EE283D003CDCF4 /* SubB.h */,
				849D7CAA24EE283D003CDCF4 /* SubB.m */,
			);
			path = "method-swizzle-demo";
			sourceTree = "<group>";
		};
/* End PBXGroup section */

/* Begin PBXNativeTarget section */
		84AF0B4624ED4DB3009D9998 /* method-swizzle-demo */ = {
			isa = PBXNativeTarget;
			buildConfigurationList = 84AF0B4E24ED4DB3009D9998 /* Build configuration list for PBXNativeTarget "method-swizzle-demo" */;
			buildPhases = (
				84AF0B4324ED4DB3009D9998 /* Sources */,
				84AF0B4424ED4DB3009D9998 /* Frameworks */,
				84AF0B4524ED4DB3009D9998 /* CopyFiles */,
			);
			buildRules = (
			);
			dependencies = (
			);
			name = "method-swizzle-demo";
			productName = "method-swizzle-demo";
			productReference = 84AF0B4724ED4DB3009D9998 /* method-swizzle-demo */;
			productType = "com.apple.product-type.tool";
		};
/* End PBXNativeTarget section */

/* Begin PBXProject section */
		84AF0B3F24ED4DB3009D9998 /* Project object */ = {
			isa = PBXProject;
			attributes = {
				LastUpgradeCheck = 1200;
				TargetAttributes = {
					84AF0B4624ED4DB3009D9998 = {
						CreatedOnToolsVersion = 12.0;
					};
				};
			};
			buildConfigurationList = 84AF0B4224ED4DB3009D9998 /* Build configuration list for PBXProject "method-swizzle-demo" */;
			compatibilityVersion = "Xcode 9.3";
			developmentRegion = en;
			hasScannedForEncodings = 0;
			knownRegions = (
				en,
				Base,
			);
			mainGroup = 84AF0B3E24ED4DB3009D9998;
			productRefGroup = 84AF0B4824ED4DB3009D9998 /* Products */;
			projectDirPath = "";
			projectRoot = "";
			targets = (
				84AF0B4624ED4DB3009D9998 /* method-swizzle-demo */,
			);
		};
/* End PBXProject section */

/* Begin PBXSourcesBuildPhase section */
		84AF0B4324ED4DB3009D9998 /* Sources */ = {
			isa = PBXSourcesBuildPhase;
			buildActionMask = 2147483647;
			files = (
				849D7CA824EE2813003CDCF4 /* B.m in Sources */,
				849D7CA224EE2723003CDCF4 /* A.m in Sources */,
				849E725A24EE3E0C001B1AB5 /* A+Ext.m in Sources */,
				849D7CAB24EE283D003CDCF4 /* SubB.m in Sources */,
				84AF0B4B24ED4DB3009D9998 /* main.m in Sources */,
			);
			runOnlyForDeploymentPostprocessing = 0;
		};
/* End PBXSourcesBuildPhase section */

/* Begin XCBuildConfiguration section */
		84AF0B4C24ED4DB3009D9998 /* Debug */ = {
			isa = XCBuildConfiguration;
			buildSettings = {
				ALWAYS_SEARCH_USER_PATHS = NO;
				CLANG_ANALYZER_NONNULL = YES;
				CLANG_ANALYZER_NUMBER_OBJECT_CONVERSION = YES_AGGRESSIVE;
				CLANG_CXX_LANGUAGE_STANDARD = "gnu++14";
				CLANG_CXX_LIBRARY = "libc++";
				CLANG_ENABLE_MODULES = YES;
				CLANG_ENABLE_OBJC_ARC = YES;
				CLANG_ENABLE_OBJC_WEAK = YES;
				CLANG_WARN_BLOCK_CAPTURE_AUTORELEASING = YES;
				CLANG_WARN_BOOL_CONVERSION = YES;
				CLANG_WARN_COMMA = YES;
				CLANG_WARN_CONSTANT_CONVERSION = YES;
				CLANG_WARN_DEPRECATED_OBJC_IMPLEMENTATIONS = YES;
				CLANG_WARN_DIRECT_OBJC_ISA_USAGE = YES_ERROR;
				CLANG_WARN_DOCUMENTATION_COMMENTS = YES;
				CLANG_WARN_EMPTY_BODY = YES;
				CLANG_WARN_ENUM_CONVERSION = YES;
				CLANG_WARN_INFINITE_RECURSION = YES;
				CLANG_WARN_INT_CONVERSION = YES;
				CLANG_WARN_NON_LITERAL_NULL_CONVERSION = YES;
				CLANG_WARN_OBJC_IMPLICIT_RETAIN_SELF = YES;
				CLANG_WARN_OBJC_LITERAL_CONVERSION = YES;
				CLANG_WARN_OBJC_ROOT_CLASS = YES_ERROR;
				CLANG_WARN_QUOTED_INCLUDE_IN_FRAMEWORK_HEADER = YES;
				CLANG_WARN_RANGE_LOOP_ANALYSIS = YES;
				CLANG_WARN_STRICT_PROTOTYPES = YES;
				CLANG_WARN_SUSPICIOUS_MOVE = YES;
				CLANG_WARN_UNGUARDED_AVAILABILITY = YES_AGGRESSIVE;
				CLANG_WARN_UNREACHABLE_CODE = YES;
				CLANG_WARN__DUPLICATE_METHOD_MATCH = YES;
				COPY_PHASE_STRIP = NO;
				DEBUG_INFORMATION_FORMAT = dwarf;
				ENABLE_STRICT_OBJC_MSGSEND = YES;
				ENABLE_TESTABILITY = YES;
				GCC_C_LANGUAGE_STANDARD = gnu11;
				GCC_DYNAMIC_NO_PIC = NO;
				GCC_NO_COMMON_BLOCKS = YES;
				GCC_OPTIMIZATION_LEVEL = 0;
				GCC_PREPROCESSOR_DEFINITIONS = (
					"DEBUG=1",
					"$(inherited)",
				);
				GCC_WARN_64_TO_32_BIT_CONVERSION = YES;
				GCC_WARN_ABOUT_RETURN_TYPE = YES_ERROR;
				GCC_WARN_UNDECLARED_SELECTOR = YES;
				GCC_WARN_UNINITIALIZED_AUTOS = YES_AGGRESSIVE;
				GCC_WARN_UNUSED_FUNCTION = YES;
				GCC_WARN_UNUSED_VARIABLE = YES;
				MACOSX_DEPLOYMENT_TARGET = 10.15;
				MTL_ENABLE_DEBUG_INFO = INCLUDE_SOURCE;
				MTL_FAST_MATH = YES;
				ONLY_ACTIVE_ARCH = YES;
				SDKROOT = macosx;
			};
			name = Debug;
		};
		84AF0B4D24ED4DB3009D9998 /* Release */ = {
			isa = XCBuildConfiguration;
			buildSettings = {
				ALWAYS_SEARCH_USER_PATHS = NO;
				CLANG_ANALYZER_NONNULL = YES;
				CLANG_ANALYZER_NUMBER_OBJECT_CONVERSION = YES_AGGRESSIVE;
				CLANG_CXX_LANGUAGE_STANDARD = "gnu++14";
				CLANG_CXX_LIBRARY = "libc++";
				CLANG_ENABLE_MODULES = YES;
				CLANG_ENABLE_OBJC_ARC = YES;
				CLANG_ENABLE_OBJC_WEAK = YES;
				CLANG_WARN_BLOCK_CAPTURE_AUTORELEASING = YES;
				CLANG_WARN_BOOL_CONVERSION = YES;
				CLANG_WARN_COMMA = YES;
				CLANG_WARN_CONSTANT_CONVERSION = YES;
				CLANG_WARN_DEPRECATED_OBJC_IMPLEMENTATIONS = YES;
				CLANG_WARN_DIRECT_OBJC_ISA_USAGE = YES_ERROR;
				CLANG_WARN_DOCUMENTATION_COMMENTS = YES;
				CLANG_WARN_EMPTY_BODY = YES;
				CLANG_WARN_ENUM_CONVERSION = YES;
				CLANG_WARN_INFINITE_RECURSION = YES;
				CLANG_WARN_INT_CONVERSION = YES;
				CLANG_WARN_NON_LITERAL_NULL_CONVERSION = YES;
				CLANG_WARN_OBJC_IMPLICIT_RETAIN_SELF = YES;
				CLANG_WARN_OBJC_LITERAL_CONVERSION = YES;
				CLANG_WARN_OBJC_ROOT_CLASS = YES_ERROR;
				CLANG_WARN_QUOTED_INCLUDE_IN_FRAMEWORK_HEADER = YES;
				CLANG_WARN_RANGE_LOOP_ANALYSIS = YES;
				CLANG_WARN_STRICT_PROTOTYPES = YES;
				CLANG_WARN_SUSPICIOUS_MOVE = YES;
				CLANG_WARN_UNGUARDED_AVAILABILITY = YES_AGGRESSIVE;
				CLANG_WARN_UNREACHABLE_CODE = YES;
				CLANG_WARN__DUPLICATE_METHOD_MATCH = YES;
				COPY_PHASE_STRIP = NO;
				DEBUG_INFORMATION_FORMAT = "dwarf-with-dsym";
				ENABLE_NS_ASSERTIONS = NO;
				ENABLE_STRICT_OBJC_MSGSEND = YES;
				GCC_C_LANGUAGE_STANDARD = gnu11;
				GCC_NO_COMMON_BLOCKS = YES;
				GCC_WARN_64_TO_32_BIT_CONVERSION = YES;
				GCC_WARN_ABOUT_RETURN_TYPE = YES_ERROR;
				GCC_WARN_UNDECLARED_SELECTOR = YES;
				GCC_WARN_UNINITIALIZED_AUTOS = YES_AGGRESSIVE;
				GCC_WARN_UNUSED_FUNCTION = YES;
				GCC_WARN_UNUSED_VARIABLE = YES;
				MACOSX_DEPLOYMENT_TARGET = 10.15;
				MTL_ENABLE_DEBUG_INFO = NO;
				MTL_FAST_MATH = YES;
				SDKROOT = macosx;
			};
			name = Release;
		};
		84AF0B4F24ED4DB3009D9998 /* Debug */ = {
			isa = XCBuildConfiguration;
			buildSettings = {
				CODE_SIGN_STYLE = Automatic;
				DEVELOPMENT_TEAM = LEG7CXMPKJ;
				ENABLE_HARDENED_RUNTIME = YES;
				PRODUCT_NAME = "$(TARGET_NAME)";
			};
			name = Debug;
		};
		84AF0B5024ED4DB3009D9998 /* Release */ = {
			isa = XCBuildConfiguration;
			buildSettings = {
				CODE_SIGN_STYLE = Automatic;
				DEVELOPMENT_TEAM = LEG7CXMPKJ;
				ENABLE_HARDENED_RUNTIME = YES;
				PRODUCT_NAME = "$(TARGET_NAME)";
			};
			name = Release;
		};
/* End XCBuildConfiguration section */

/* Begin XCConfigurationList section */
		84AF0B4224ED4DB3009D9998 /* Build configuration list for PBXProject "method-swizzle-demo" */ = {
			isa = XCConfigurationList;
			buildConfigurations = (
				84AF0B4C24ED4DB3009D9998 /* Debug */,
				84AF0B4D24ED4DB3009D9998 /* Release */,
			);
			defaultConfigurationIsVisible = 0;
			defaultConfigurationName = Release;
		};
		84AF0B4E24ED4DB3009D9998 /* Build configuration list for PBXNativeTarget "method-swizzle-demo" */ = {
			isa = XCConfigurationList;
			buildConfigurations = (
				84AF0B4F24ED4DB3009D9998 /* Debug */,
				84AF0B5024ED4DB3009D9998 /* Release */,
			);
			defaultConfigurationIsVisible = 0;
			defaultConfigurationName = Release;
		};
/* End XCConfigurationList section */
	};
	rootObject = 84AF0B3F24ED4DB3009D9998 /* Project object */;
}
